
Microsoft Visual Studio Solution File, Format Version 12.00
# Visual Studio Version 17
VisualStudioVersion = 17.0.31903.59
MinimumVisualStudioVersion = 10.0.40219.1
Project("{2150E333-8FDC-42A3-9474-1A3956D46DE8}") = "tests", "tests", "{45BFC1AB-D437-4F36-B470-5D11D042267D}"
EndProject
Project("{2150E333-8FDC-42A3-9474-1A3956D46DE8}") = "src", "src", "{4B2FABDC-AFA8-47A6-8E42-D1EBCBA801F9}"
EndProject
Project("{2150E333-8FDC-42A3-9474-1A3956D46DE8}") = "Reporting", "Reporting", "{3AB1B9A2-41E8-46FC-91B5-5CEDE23DA1DB}"
EndProject
Project("{2150E333-8FDC-42A3-9474-1A3956D46DE8}") = "Reservation", "Reservation", "{7917E185-2B3E-4969-9CEC-70F84072D077}"
EndProject
Project("{2150E333-8FDC-42A3-9474-1A3956D46DE8}") = "Feedback", "Feedback", "{20FE7D2D-4231-4649-AC1B-B31750018428}"
EndProject
Project("{2150E333-8FDC-42A3-9474-1A3956D46DE8}") = "EventMgmt", "EventMgmt", "{51CC88E9-4F15-44B9-85A0-452229C5B1FB}"
EndProject
Project("{2150E333-8FDC-42A3-9474-1A3956D46DE8}") = "Host", "Host", "{3B17663C-8C07-44AB-A7BF-F8955124B1B5}"
EndProject
Project("{2150E333-8FDC-42A3-9474-1A3956D46DE8}") = "Notification", "Notification", "{4CDF44F5-FDDF-4218-B54E-9B79CD18982B}"
EndProject
Project("{2150E333-8FDC-42A3-9474-1A3956D46DE8}") = "Checkin", "Checkin", "{819F8543-1E59-4E42-B401-2E0106384D7B}"
EndProject
Project("{2150E333-8FDC-42A3-9474-1A3956D46DE8}") = "Tickets", "Tickets", "{859C9411-FCFD-4720-9F99-EE73E16DF32B}"
EndProject
Project("{2150E333-8FDC-42A3-9474-1A3956D46DE8}") = "Payment", "Payment", "{3A406F46-E1D0-43D2-AE00-24443D87FAD5}"
EndProject
Project("{2150E333-8FDC-42A3-9474-1A3956D46DE8}") = "UseCases", "UseCases", "{01AA27C2-CDAF-4877-A0E3-3FB3229E5BD0}"
EndProject
Project("{2150E333-8FDC-42A3-9474-1A3956D46DE8}") = "Domain", "Domain", "{3F0C8042-EB27-4DB3-AC26-8D6F8BA39E81}"
EndProject
Project("{9A19103F-16F7-4668-BE54-9A1E7A4F7556}") = "XEvent.Host", "src\Host\XEvent.Host\XEvent.Host.csproj", "{52654DB6-54D6-4B28-B24B-E7CA1A71024B}"
EndProject
Project("{2150E333-8FDC-42A3-9474-1A3956D46DE8}") = "Bootstrapper", "Bootstrapper", "{4919025A-39E0-4193-96D5-2AD0F6630E17}"
EndProject
Project("{2150E333-8FDC-42A3-9474-1A3956D46DE8}") = "Libraries", "Libraries", "{646B012D-C34B-426D-918F-6D0BD123AA69}"
EndProject
Project("{2150E333-8FDC-42A3-9474-1A3956D46DE8}") = "UseCase", "UseCase", "{B8537860-8D40-49E6-B729-47F4C92FA0C4}"
EndProject
Project("{2150E333-8FDC-42A3-9474-1A3956D46DE8}") = "Domain", "Domain", "{32F7ECC5-93F4-48C8-A47F-5D435EF6AD4B}"
EndProject
Project("{2150E333-8FDC-42A3-9474-1A3956D46DE8}") = "Bootstrapper", "Bootstrapper", "{9D4D6DAB-1566-4DDF-9958-832EBDE62370}"
EndProject
Project("{2150E333-8FDC-42A3-9474-1A3956D46DE8}") = "UseCases", "UseCases", "{79DFB6DC-90E9-4679-B6A8-2A103004019A}"
EndProject
Project("{2150E333-8FDC-42A3-9474-1A3956D46DE8}") = "Bootstrapper", "Bootstrapper", "{9960917D-371F-4EBA-9ECF-1E0D16728800}"
EndProject
Project("{2150E333-8FDC-42A3-9474-1A3956D46DE8}") = "Domain", "Domain", "{86C363C0-EAEA-4812-A3BD-29A6CDF9DBD3}"
EndProject
Project("{2150E333-8FDC-42A3-9474-1A3956D46DE8}") = "UseCases", "UseCases", "{97939EB1-9BFF-40A9-BCE6-3F4C166FF0E0}"
EndProject
Project("{9A19103F-16F7-4668-BE54-9A1E7A4F7556}") = "Quantum.Domain", "src\Libraries\Quantum.Domain\Quantum.Domain.csproj", "{657E937D-7696-4D1C-95ED-C54D3781CF65}"
EndProject
Project("{9A19103F-16F7-4668-BE54-9A1E7A4F7556}") = "Quantum.ApplicationService", "src\Libraries\Quantum.ApplicationService\Quantum.ApplicationService.csproj", "{6B75631F-695C-4293-879D-FA174C5D537F}"
EndProject
Project("{9A19103F-16F7-4668-BE54-9A1E7A4F7556}") = "XEvent.Payment.Domain", "src\Payment\Domain\Domain\XEvent.Payment.Domain.csproj", "{C78F7A21-ABAF-4801-8D82-84F27DEF32A2}"
EndProject
Project("{9A19103F-16F7-4668-BE54-9A1E7A4F7556}") = "XEvent.Payment.UseCases", "src\Payment\UseCases\XEvent.Payment.UseCases.csproj", "{AD427E62-2C9B-421E-99DF-F9DE0F838610}"
EndProject
Project("{9A19103F-16F7-4668-BE54-9A1E7A4F7556}") = "XEvent.AcceptanceTests", "acceptancetests\XEvent.AcceptanceTests.csproj", "{69A07493-D4EA-4CB1-BA2E-D61B3C564B27}"
EndProject
Project("{9A19103F-16F7-4668-BE54-9A1E7A4F7556}") = "XEvent.EventManagement.Bootstrapper", "src\EventManagement\Bootstrapper\XEvent.EventManagement.Bootstrapper.csproj", "{6EFD36C7-AFA8-4116-9E20-AE8AC0E26DD1}"
EndProject
Project("{9A19103F-16F7-4668-BE54-9A1E7A4F7556}") = "XEvent.EventManagement.Domain.Contract", "src\EventManagement\Domain\Contract\XEvent.EventManagement.Domain.Contract.csproj", "{0A67E8CC-B0F6-44F6-ADB1-8B1C65DFD9D8}"
EndProject
Project("{9A19103F-16F7-4668-BE54-9A1E7A4F7556}") = "XEvent.EventManagement.Domain", "src\EventManagement\Domain\Domain\XEvent.EventManagement.Domain.csproj", "{BC4504D9-2669-4775-A5EC-19943B0CA5EB}"
EndProject
Project("{9A19103F-16F7-4668-BE54-9A1E7A4F7556}") = "XEvent.EventManagement.Domain.Tests", "src\EventManagement\Domain\Tests\XEvent.EventManagement.Domain.Tests.csproj", "{94424B5B-4FC6-4EFF-8A6A-F08FB0039714}"
EndProject
Project("{9A19103F-16F7-4668-BE54-9A1E7A4F7556}") = "XEvent.EventManagement.UseCaseHandlers", "src\EventManagement\UseCases\XEvent.EventManagement.UseCaseHandlers.csproj", "{04CF68BF-69D6-4B0E-A792-815E214842E6}"
EndProject
Project("{9A19103F-16F7-4668-BE54-9A1E7A4F7556}") = "XEvent.Reporting.Bootstrapper", "src\Reporting\Bootstrapper\XEvent.Reporting.Bootstrapper.csproj", "{3E978C49-D5F5-4901-8297-5C9C671F17D6}"
EndProject
Project("{9A19103F-16F7-4668-BE54-9A1E7A4F7556}") = "XEvent.Reporting", "src\Reporting\UseCases\XEvent.Reporting.csproj", "{1F6FA6D5-E1E5-4EC9-AD14-2B4E2A224C0E}"
EndProject
Project("{9A19103F-16F7-4668-BE54-9A1E7A4F7556}") = "XEvent.Reservation.ACL", "src\Reservation\XEvent.Reservation.ACL\XEvent.Reservation.ACL.csproj", "{CCB5C91A-4BBD-4BAB-9149-0E82C3FA5FA5}"
EndProject
Project("{9A19103F-16F7-4668-BE54-9A1E7A4F7556}") = "XEvent.Reservation.Bootstrapper", "src\Reservation\XEvent.Reservation.Bootstrapper\XEvent.Reservation.Bootstrapper.csproj", "{A11B10E2-DF29-4B60-B981-1D92123087FE}"
EndProject
Project("{9A19103F-16F7-4668-BE54-9A1E7A4F7556}") = "XEvent.Reservation.Domain", "src\Reservation\XEvent.Reservation.Domain\XEvent.Reservation.Domain.csproj", "{87119905-E2A2-4561-9195-C0C5C90D3A37}"
EndProject
Project("{9A19103F-16F7-4668-BE54-9A1E7A4F7556}") = "XEvent.Reservation.UseCaseHandlers", "src\Reservation\XEvent.Reservation.UseCaseHandlers\XEvent.Reservation.UseCaseHandlers.csproj", "{8DF79769-5F5F-4BBA-9858-F751E68AC1B8}"
EndProject
Project("{2150E333-8FDC-42A3-9474-1A3956D46DE8}") = "ACL", "ACL", "{AC7FD048-3F40-4E7B-9C17-7CD861E8998F}"
EndProject
Project("{2150E333-8FDC-42A3-9474-1A3956D46DE8}") = "Domain", "Domain", "{3BE5E247-118D-410D-BFEA-84E02187930C}"
EndProject
Project("{9A19103F-16F7-4668-BE54-9A1E7A4F7556}") = "XEvent.Tickets.Domain.UseCaseHandlers", "src\Tickets\UseCases\UseCaseHandlers\XEvent.Tickets.Domain.UseCaseHandlers.csproj", "{4388B247-FD9E-428B-9F79-3AB2C8ACDC65}"
EndProject
Project("{9A19103F-16F7-4668-BE54-9A1E7A4F7556}") = "XEvent.Tickets.Domain.Tests", "src\Tickets\Domain\Tests\XEvent.Tickets.Domain.Tests.csproj", "{5AF8F819-609D-46F5-B106-70A62E60F78D}"
EndProject
Project("{9A19103F-16F7-4668-BE54-9A1E7A4F7556}") = "XEvent.Tickets.Domain", "src\Tickets\Domain\Domain\XEvent.Tickets.Domain.csproj", "{76E7ABA0-9E90-4417-A718-016ED3136E29}"
EndProject
Project("{9A19103F-16F7-4668-BE54-9A1E7A4F7556}") = "XEvent.Tickets.Domain.Contracts", "src\Tickets\Domain\Contracts\XEvent.Tickets.Domain.Contracts.csproj", "{554B446A-BA5D-47A7-87ED-B298110937DC}"
EndProject
Project("{9A19103F-16F7-4668-BE54-9A1E7A4F7556}") = "XEvent.Tickets.Domain.Bootstrapper", "src\Tickets\Bootstrapper\XEvent.Tickets.Domain.Bootstrapper.csproj", "{69B82FA4-50F4-4E37-9A80-235D691D8190}"
EndProject
Project("{9A19103F-16F7-4668-BE54-9A1E7A4F7556}") = "XEvent.Payment.Bootstrapper", "src\Payment\Bootstrapper\XEvent.Payment.Bootstrapper.csproj", "{7AD251A7-844E-4299-85B4-BCF3247D1EEB}"
EndProject
Project("{2150E333-8FDC-42A3-9474-1A3956D46DE8}") = "Bootstrapper", "Bootstrapper", "{960B051E-7E41-4C51-8175-CA7CEA6D007D}"
EndProject
Project("{2150E333-8FDC-42A3-9474-1A3956D46DE8}") = "ACL", "ACL", "{6BD655FB-E3DC-481B-BC00-B7823884D228}"
EndProject
Project("{FAE04EC0-301F-11D3-BF4B-00C04F79EFBC}") = "XEvent.Payment.Gateway", "src\Payment\Gateway\XEvent.Payment.Gateway\XEvent.Payment.Gateway.csproj", "{84E4CBDE-10AE-48DD-B94E-F2EEAF25F744}"
EndProject
Global
	GlobalSection(SolutionConfigurationPlatforms) = preSolution
		Debug|Any CPU = Debug|Any CPU
		Release|Any CPU = Release|Any CPU
	EndGlobalSection
	GlobalSection(ProjectConfigurationPlatforms) = postSolution
		{52654DB6-54D6-4B28-B24B-E7CA1A71024B}.Debug|Any CPU.ActiveCfg = Debug|Any CPU
		{52654DB6-54D6-4B28-B24B-E7CA1A71024B}.Debug|Any CPU.Build.0 = Debug|Any CPU
		{52654DB6-54D6-4B28-B24B-E7CA1A71024B}.Release|Any CPU.ActiveCfg = Release|Any CPU
		{52654DB6-54D6-4B28-B24B-E7CA1A71024B}.Release|Any CPU.Build.0 = Release|Any CPU
		{657E937D-7696-4D1C-95ED-C54D3781CF65}.Debug|Any CPU.ActiveCfg = Debug|Any CPU
		{657E937D-7696-4D1C-95ED-C54D3781CF65}.Debug|Any CPU.Build.0 = Debug|Any CPU
		{657E937D-7696-4D1C-95ED-C54D3781CF65}.Release|Any CPU.ActiveCfg = Release|Any CPU
		{657E937D-7696-4D1C-95ED-C54D3781CF65}.Release|Any CPU.Build.0 = Release|Any CPU
		{6B75631F-695C-4293-879D-FA174C5D537F}.Debug|Any CPU.ActiveCfg = Debug|Any CPU
		{6B75631F-695C-4293-879D-FA174C5D537F}.Debug|Any CPU.Build.0 = Debug|Any CPU
		{6B75631F-695C-4293-879D-FA174C5D537F}.Release|Any CPU.ActiveCfg = Release|Any CPU
		{6B75631F-695C-4293-879D-FA174C5D537F}.Release|Any CPU.Build.0 = Release|Any CPU
		{C78F7A21-ABAF-4801-8D82-84F27DEF32A2}.Debug|Any CPU.ActiveCfg = Debug|Any CPU
		{C78F7A21-ABAF-4801-8D82-84F27DEF32A2}.Debug|Any CPU.Build.0 = Debug|Any CPU
		{C78F7A21-ABAF-4801-8D82-84F27DEF32A2}.Release|Any CPU.ActiveCfg = Release|Any CPU
		{C78F7A21-ABAF-4801-8D82-84F27DEF32A2}.Release|Any CPU.Build.0 = Release|Any CPU
		{AD427E62-2C9B-421E-99DF-F9DE0F838610}.Debug|Any CPU.ActiveCfg = Debug|Any CPU
		{AD427E62-2C9B-421E-99DF-F9DE0F838610}.Debug|Any CPU.Build.0 = Debug|Any CPU
		{AD427E62-2C9B-421E-99DF-F9DE0F838610}.Release|Any CPU.ActiveCfg = Release|Any CPU
		{AD427E62-2C9B-421E-99DF-F9DE0F838610}.Release|Any CPU.Build.0 = Release|Any CPU
		{69A07493-D4EA-4CB1-BA2E-D61B3C564B27}.Debug|Any CPU.ActiveCfg = Debug|Any CPU
		{69A07493-D4EA-4CB1-BA2E-D61B3C564B27}.Debug|Any CPU.Build.0 = Debug|Any CPU
		{69A07493-D4EA-4CB1-BA2E-D61B3C564B27}.Release|Any CPU.ActiveCfg = Release|Any CPU
		{69A07493-D4EA-4CB1-BA2E-D61B3C564B27}.Release|Any CPU.Build.0 = Release|Any CPU
		{6EFD36C7-AFA8-4116-9E20-AE8AC0E26DD1}.Debug|Any CPU.ActiveCfg = Debug|Any CPU
		{6EFD36C7-AFA8-4116-9E20-AE8AC0E26DD1}.Debug|Any CPU.Build.0 = Debug|Any CPU
		{6EFD36C7-AFA8-4116-9E20-AE8AC0E26DD1}.Release|Any CPU.ActiveCfg = Release|Any CPU
		{6EFD36C7-AFA8-4116-9E20-AE8AC0E26DD1}.Release|Any CPU.Build.0 = Release|Any CPU
		{0A67E8CC-B0F6-44F6-ADB1-8B1C65DFD9D8}.Debug|Any CPU.ActiveCfg = Debug|Any CPU
		{0A67E8CC-B0F6-44F6-ADB1-8B1C65DFD9D8}.Debug|Any CPU.Build.0 = Debug|Any CPU
		{0A67E8CC-B0F6-44F6-ADB1-8B1C65DFD9D8}.Release|Any CPU.ActiveCfg = Release|Any CPU
		{0A67E8CC-B0F6-44F6-ADB1-8B1C65DFD9D8}.Release|Any CPU.Build.0 = Release|Any CPU
		{BC4504D9-2669-4775-A5EC-19943B0CA5EB}.Debug|Any CPU.ActiveCfg = Debug|Any CPU
		{BC4504D9-2669-4775-A5EC-19943B0CA5EB}.Debug|Any CPU.Build.0 = Debug|Any CPU
		{BC4504D9-2669-4775-A5EC-19943B0CA5EB}.Release|Any CPU.ActiveCfg = Release|Any CPU
		{BC4504D9-2669-4775-A5EC-19943B0CA5EB}.Release|Any CPU.Build.0 = Release|Any CPU
		{94424B5B-4FC6-4EFF-8A6A-F08FB0039714}.Debug|Any CPU.ActiveCfg = Debug|Any CPU
		{94424B5B-4FC6-4EFF-8A6A-F08FB0039714}.Debug|Any CPU.Build.0 = Debug|Any CPU
		{94424B5B-4FC6-4EFF-8A6A-F08FB0039714}.Release|Any CPU.ActiveCfg = Release|Any CPU
		{94424B5B-4FC6-4EFF-8A6A-F08FB0039714}.Release|Any CPU.Build.0 = Release|Any CPU
		{04CF68BF-69D6-4B0E-A792-815E214842E6}.Debug|Any CPU.ActiveCfg = Debug|Any CPU
		{04CF68BF-69D6-4B0E-A792-815E214842E6}.Debug|Any CPU.Build.0 = Debug|Any CPU
		{04CF68BF-69D6-4B0E-A792-815E214842E6}.Release|Any CPU.ActiveCfg = Release|Any CPU
		{04CF68BF-69D6-4B0E-A792-815E214842E6}.Release|Any CPU.Build.0 = Release|Any CPU
		{3E978C49-D5F5-4901-8297-5C9C671F17D6}.Debug|Any CPU.ActiveCfg = Debug|Any CPU
		{3E978C49-D5F5-4901-8297-5C9C671F17D6}.Debug|Any CPU.Build.0 = Debug|Any CPU
		{3E978C49-D5F5-4901-8297-5C9C671F17D6}.Release|Any CPU.ActiveCfg = Release|Any CPU
		{3E978C49-D5F5-4901-8297-5C9C671F17D6}.Release|Any CPU.Build.0 = Release|Any CPU
		{1F6FA6D5-E1E5-4EC9-AD14-2B4E2A224C0E}.Debug|Any CPU.ActiveCfg = Debug|Any CPU
		{1F6FA6D5-E1E5-4EC9-AD14-2B4E2A224C0E}.Debug|Any CPU.Build.0 = Debug|Any CPU
		{1F6FA6D5-E1E5-4EC9-AD14-2B4E2A224C0E}.Release|Any CPU.ActiveCfg = Release|Any CPU
		{1F6FA6D5-E1E5-4EC9-AD14-2B4E2A224C0E}.Release|Any CPU.Build.0 = Release|Any CPU
		{CCB5C91A-4BBD-4BAB-9149-0E82C3FA5FA5}.Debug|Any CPU.ActiveCfg = Debug|Any CPU
		{CCB5C91A-4BBD-4BAB-9149-0E82C3FA5FA5}.Debug|Any CPU.Build.0 = Debug|Any CPU
		{CCB5C91A-4BBD-4BAB-9149-0E82C3FA5FA5}.Release|Any CPU.ActiveCfg = Release|Any CPU
		{CCB5C91A-4BBD-4BAB-9149-0E82C3FA5FA5}.Release|Any CPU.Build.0 = Release|Any CPU
		{A11B10E2-DF29-4B60-B981-1D92123087FE}.Debug|Any CPU.ActiveCfg = Debug|Any CPU
		{A11B10E2-DF29-4B60-B981-1D92123087FE}.Debug|Any CPU.Build.0 = Debug|Any CPU
		{A11B10E2-DF29-4B60-B981-1D92123087FE}.Release|Any CPU.ActiveCfg = Release|Any CPU
		{A11B10E2-DF29-4B60-B981-1D92123087FE}.Release|Any CPU.Build.0 = Release|Any CPU
		{87119905-E2A2-4561-9195-C0C5C90D3A37}.Debug|Any CPU.ActiveCfg = Debug|Any CPU
		{87119905-E2A2-4561-9195-C0C5C90D3A37}.Debug|Any CPU.Build.0 = Debug|Any CPU
		{87119905-E2A2-4561-9195-C0C5C90D3A37}.Release|Any CPU.ActiveCfg = Release|Any CPU
		{87119905-E2A2-4561-9195-C0C5C90D3A37}.Release|Any CPU.Build.0 = Release|Any CPU
		{8DF79769-5F5F-4BBA-9858-F751E68AC1B8}.Debug|Any CPU.ActiveCfg = Debug|Any CPU
		{8DF79769-5F5F-4BBA-9858-F751E68AC1B8}.Debug|Any CPU.Build.0 = Debug|Any CPU
		{8DF79769-5F5F-4BBA-9858-F751E68AC1B8}.Release|Any CPU.ActiveCfg = Release|Any CPU
		{8DF79769-5F5F-4BBA-9858-F751E68AC1B8}.Release|Any CPU.Build.0 = Release|Any CPU
		{4388B247-FD9E-428B-9F79-3AB2C8ACDC65}.Debug|Any CPU.ActiveCfg = Debug|Any CPU
		{4388B247-FD9E-428B-9F79-3AB2C8ACDC65}.Debug|Any CPU.Build.0 = Debug|Any CPU
		{4388B247-FD9E-428B-9F79-3AB2C8ACDC65}.Release|Any CPU.ActiveCfg = Release|Any CPU
		{4388B247-FD9E-428B-9F79-3AB2C8ACDC65}.Release|Any CPU.Build.0 = Release|Any CPU
		{5AF8F819-609D-46F5-B106-70A62E60F78D}.Debug|Any CPU.ActiveCfg = Debug|Any CPU
		{5AF8F819-609D-46F5-B106-70A62E60F78D}.Debug|Any CPU.Build.0 = Debug|Any CPU
		{5AF8F819-609D-46F5-B106-70A62E60F78D}.Release|Any CPU.ActiveCfg = Release|Any CPU
		{5AF8F819-609D-46F5-B106-70A62E60F78D}.Release|Any CPU.Build.0 = Release|Any CPU
		{76E7ABA0-9E90-4417-A718-016ED3136E29}.Debug|Any CPU.ActiveCfg = Debug|Any CPU
		{76E7ABA0-9E90-4417-A718-016ED3136E29}.Debug|Any CPU.Build.0 = Debug|Any CPU
		{76E7ABA0-9E90-4417-A718-016ED3136E29}.Release|Any CPU.ActiveCfg = Release|Any CPU
		{76E7ABA0-9E90-4417-A718-016ED3136E29}.Release|Any CPU.Build.0 = Release|Any CPU
		{554B446A-BA5D-47A7-87ED-B298110937DC}.Debug|Any CPU.ActiveCfg = Debug|Any CPU
		{554B446A-BA5D-47A7-87ED-B298110937DC}.Debug|Any CPU.Build.0 = Debug|Any CPU
		{554B446A-BA5D-47A7-87ED-B298110937DC}.Release|Any CPU.ActiveCfg = Release|Any CPU
		{554B446A-BA5D-47A7-87ED-B298110937DC}.Release|Any CPU.Build.0 = Release|Any CPU
		{69B82FA4-50F4-4E37-9A80-235D691D8190}.Debug|Any CPU.ActiveCfg = Debug|Any CPU
		{69B82FA4-50F4-4E37-9A80-235D691D8190}.Debug|Any CPU.Build.0 = Debug|Any CPU
		{69B82FA4-50F4-4E37-9A80-235D691D8190}.Release|Any CPU.ActiveCfg = Release|Any CPU
		{69B82FA4-50F4-4E37-9A80-235D691D8190}.Release|Any CPU.Build.0 = Release|Any CPU
		{7AD251A7-844E-4299-85B4-BCF3247D1EEB}.Debug|Any CPU.ActiveCfg = Debug|Any CPU
		{7AD251A7-844E-4299-85B4-BCF3247D1EEB}.Debug|Any CPU.Build.0 = Debug|Any CPU
		{7AD251A7-844E-4299-85B4-BCF3247D1EEB}.Release|Any CPU.ActiveCfg = Release|Any CPU
		{7AD251A7-844E-4299-85B4-BCF3247D1EEB}.Release|Any CPU.Build.0 = Release|Any CPU
		{84E4CBDE-10AE-48DD-B94E-F2EEAF25F744}.Debug|Any CPU.ActiveCfg = Debug|Any CPU
		{84E4CBDE-10AE-48DD-B94E-F2EEAF25F744}.Debug|Any CPU.Build.0 = Debug|Any CPU
		{84E4CBDE-10AE-48DD-B94E-F2EEAF25F744}.Release|Any CPU.ActiveCfg = Release|Any CPU
		{84E4CBDE-10AE-48DD-B94E-F2EEAF25F744}.Release|Any CPU.Build.0 = Release|Any CPU
	EndGlobalSection
	GlobalSection(SolutionProperties) = preSolution
		HideSolutionNode = FALSE
	EndGlobalSection
	GlobalSection(NestedProjects) = preSolution
		{3AB1B9A2-41E8-46FC-91B5-5CEDE23DA1DB} = {4B2FABDC-AFA8-47A6-8E42-D1EBCBA801F9}
		{7917E185-2B3E-4969-9CEC-70F84072D077} = {4B2FABDC-AFA8-47A6-8E42-D1EBCBA801F9}
		{20FE7D2D-4231-4649-AC1B-B31750018428} = {4B2FABDC-AFA8-47A6-8E42-D1EBCBA801F9}
		{51CC88E9-4F15-44B9-85A0-452229C5B1FB} = {4B2FABDC-AFA8-47A6-8E42-D1EBCBA801F9}
		{3B17663C-8C07-44AB-A7BF-F8955124B1B5} = {4B2FABDC-AFA8-47A6-8E42-D1EBCBA801F9}
		{4CDF44F5-FDDF-4218-B54E-9B79CD18982B} = {4B2FABDC-AFA8-47A6-8E42-D1EBCBA801F9}
		{819F8543-1E59-4E42-B401-2E0106384D7B} = {4B2FABDC-AFA8-47A6-8E42-D1EBCBA801F9}
		{859C9411-FCFD-4720-9F99-EE73E16DF32B} = {4B2FABDC-AFA8-47A6-8E42-D1EBCBA801F9}
		{3A406F46-E1D0-43D2-AE00-24443D87FAD5} = {4B2FABDC-AFA8-47A6-8E42-D1EBCBA801F9}
		{01AA27C2-CDAF-4877-A0E3-3FB3229E5BD0} = {51CC88E9-4F15-44B9-85A0-452229C5B1FB}
		{3F0C8042-EB27-4DB3-AC26-8D6F8BA39E81} = {51CC88E9-4F15-44B9-85A0-452229C5B1FB}
		{52654DB6-54D6-4B28-B24B-E7CA1A71024B} = {3B17663C-8C07-44AB-A7BF-F8955124B1B5}
		{4919025A-39E0-4193-96D5-2AD0F6630E17} = {51CC88E9-4F15-44B9-85A0-452229C5B1FB}
		{646B012D-C34B-426D-918F-6D0BD123AA69} = {4B2FABDC-AFA8-47A6-8E42-D1EBCBA801F9}
		{B8537860-8D40-49E6-B729-47F4C92FA0C4} = {859C9411-FCFD-4720-9F99-EE73E16DF32B}
		{32F7ECC5-93F4-48C8-A47F-5D435EF6AD4B} = {859C9411-FCFD-4720-9F99-EE73E16DF32B}
		{9D4D6DAB-1566-4DDF-9958-832EBDE62370} = {859C9411-FCFD-4720-9F99-EE73E16DF32B}
		{79DFB6DC-90E9-4679-B6A8-2A103004019A} = {7917E185-2B3E-4969-9CEC-70F84072D077}
		{9960917D-371F-4EBA-9ECF-1E0D16728800} = {7917E185-2B3E-4969-9CEC-70F84072D077}
		{86C363C0-EAEA-4812-A3BD-29A6CDF9DBD3} = {3A406F46-E1D0-43D2-AE00-24443D87FAD5}
		{97939EB1-9BFF-40A9-BCE6-3F4C166FF0E0} = {3A406F46-E1D0-43D2-AE00-24443D87FAD5}
		{657E937D-7696-4D1C-95ED-C54D3781CF65} = {646B012D-C34B-426D-918F-6D0BD123AA69}
		{6B75631F-695C-4293-879D-FA174C5D537F} = {646B012D-C34B-426D-918F-6D0BD123AA69}
		{C78F7A21-ABAF-4801-8D82-84F27DEF32A2} = {86C363C0-EAEA-4812-A3BD-29A6CDF9DBD3}
		{AD427E62-2C9B-421E-99DF-F9DE0F838610} = {97939EB1-9BFF-40A9-BCE6-3F4C166FF0E0}
		{69A07493-D4EA-4CB1-BA2E-D61B3C564B27} = {45BFC1AB-D437-4F36-B470-5D11D042267D}
		{6EFD36C7-AFA8-4116-9E20-AE8AC0E26DD1} = {4919025A-39E0-4193-96D5-2AD0F6630E17}
		{0A67E8CC-B0F6-44F6-ADB1-8B1C65DFD9D8} = {3F0C8042-EB27-4DB3-AC26-8D6F8BA39E81}
		{BC4504D9-2669-4775-A5EC-19943B0CA5EB} = {3F0C8042-EB27-4DB3-AC26-8D6F8BA39E81}
		{94424B5B-4FC6-4EFF-8A6A-F08FB0039714} = {3F0C8042-EB27-4DB3-AC26-8D6F8BA39E81}
		{04CF68BF-69D6-4B0E-A792-815E214842E6} = {01AA27C2-CDAF-4877-A0E3-3FB3229E5BD0}
		{3E978C49-D5F5-4901-8297-5C9C671F17D6} = {3AB1B9A2-41E8-46FC-91B5-5CEDE23DA1DB}
		{1F6FA6D5-E1E5-4EC9-AD14-2B4E2A224C0E} = {3AB1B9A2-41E8-46FC-91B5-5CEDE23DA1DB}
		{CCB5C91A-4BBD-4BAB-9149-0E82C3FA5FA5} = {AC7FD048-3F40-4E7B-9C17-7CD861E8998F}
		{A11B10E2-DF29-4B60-B981-1D92123087FE} = {9960917D-371F-4EBA-9ECF-1E0D16728800}
		{87119905-E2A2-4561-9195-C0C5C90D3A37} = {3BE5E247-118D-410D-BFEA-84E02187930C}
		{8DF79769-5F5F-4BBA-9858-F751E68AC1B8} = {79DFB6DC-90E9-4679-B6A8-2A103004019A}
		{AC7FD048-3F40-4E7B-9C17-7CD861E8998F} = {7917E185-2B3E-4969-9CEC-70F84072D077}
		{3BE5E247-118D-410D-BFEA-84E02187930C} = {7917E185-2B3E-4969-9CEC-70F84072D077}
		{4388B247-FD9E-428B-9F79-3AB2C8ACDC65} = {B8537860-8D40-49E6-B729-47F4C92FA0C4}
		{5AF8F819-609D-46F5-B106-70A62E60F78D} = {32F7ECC5-93F4-48C8-A47F-5D435EF6AD4B}
		{76E7ABA0-9E90-4417-A718-016ED3136E29} = {32F7ECC5-93F4-48C8-A47F-5D435EF6AD4B}
		{554B446A-BA5D-47A7-87ED-B298110937DC} = {32F7ECC5-93F4-48C8-A47F-5D435EF6AD4B}
		{69B82FA4-50F4-4E37-9A80-235D691D8190} = {9D4D6DAB-1566-4DDF-9958-832EBDE62370}
		{7AD251A7-844E-4299-85B4-BCF3247D1EEB} = {960B051E-7E41-4C51-8175-CA7CEA6D007D}
		{960B051E-7E41-4C51-8175-CA7CEA6D007D} = {3A406F46-E1D0-43D2-AE00-24443D87FAD5}
		{6BD655FB-E3DC-481B-BC00-B7823884D228} = {3A406F46-E1D0-43D2-AE00-24443D87FAD5}
		{84E4CBDE-10AE-48DD-B94E-F2EEAF25F744} = {97939EB1-9BFF-40A9-BCE6-3F4C166FF0E0}
	EndGlobalSection
	GlobalSection(ExtensibilityGlobals) = postSolution
		SolutionGuid = {754BBE2A-BDDB-4B88-9BDC-174D19B83E4C}
	EndGlobalSection
EndGlobal
